
Microsoft Visual Studio Solution File, Format Version 12.00
# Visual Studio Version 17
VisualStudioVersion = 17.10.34916.146
MinimumVisualStudioVersion = 10.0.40219.1
Project("{9A19103F-16F7-4668-BE54-9A1E7A4F7556}") = "ServerLib", "ServerLib\ServerLib.csproj", "{60E3DA9E-FAE4-41C2-B712-539A01BBB766}"
EndProject
Project("{9A19103F-16F7-4668-BE54-9A1E7A4F7556}") = "AdminApi", "AdminApi\AdminApi.csproj", "{BC02D2E2-CD57-4135-B495-8EADD08F5A6A}"
	ProjectSection(ProjectDependencies) = postProject
		{60E3DA9E-FAE4-41C2-B712-539A01BBB766} = {60E3DA9E-FAE4-41C2-B712-539A01BBB766}
	EndProjectSection
EndProject
Project("{FAE04EC0-301F-11D3-BF4B-00C04F79EFBC}") = "GameApi", "GameApi\GameApi.csproj", "{46495C27-1896-4ED2-9F51-9D0B295F953D}"
	ProjectSection(ProjectDependencies) = postProject
		{60E3DA9E-FAE4-41C2-B712-539A01BBB766} = {60E3DA9E-FAE4-41C2-B712-539A01BBB766}
		{F8A38B5A-D2A0-4350-A60B-7404F154FB28} = {F8A38B5A-D2A0-4350-A60B-7404F154FB28}
	EndProjectSection
EndProject
Project("{FAE04EC0-301F-11D3-BF4B-00C04F79EFBC}") = "CommonLib", "CommonLib\CommonLib.csproj", "{F8A38B5A-D2A0-4350-A60B-7404F154FB28}"
EndProject
Project("{FAE04EC0-301F-11D3-BF4B-00C04F79EFBC}") = "DummyClient", "DummyClient\DummyClient.csproj", "{9F258F4B-D1FA-4628-807E-5BCB7129B6A3}"
	ProjectSection(ProjectDependencies) = postProject
		{F8A38B5A-D2A0-4350-A60B-7404F154FB28} = {F8A38B5A-D2A0-4350-A60B-7404F154FB28}
	EndProjectSection
EndProject
Project("{FAE04EC0-301F-11D3-BF4B-00C04F79EFBC}") = "GameServer", "GameServer\GameServer.csproj", "{8CB1D2F4-457E-DC9A-2B1C-5000C4602A0C}"
EndProject
Global
	GlobalSection(SolutionConfigurationPlatforms) = preSolution
		Debug|Any CPU = Debug|Any CPU
		Release|Any CPU = Release|Any CPU
	EndGlobalSection
	GlobalSection(ProjectConfigurationPlatforms) = postSolution
		{60E3DA9E-FAE4-41C2-B712-539A01BBB766}.Debug|Any CPU.ActiveCfg = Debug|Any CPU
		{60E3DA9E-FAE4-41C2-B712-539A01BBB766}.Debug|Any CPU.Build.0 = Debug|Any CPU
		{60E3DA9E-FAE4-41C2-B712-539A01BBB766}.Release|Any CPU.ActiveCfg = Release|Any CPU
		{60E3DA9E-FAE4-41C2-B712-539A01BBB766}.Release|Any CPU.Build.0 = Release|Any CPU
		{BC02D2E2-CD57-4135-B495-8EADD08F5A6A}.Debug|Any CPU.ActiveCfg = Debug|Any CPU
		{BC02D2E2-CD57-4135-B495-8EADD08F5A6A}.Debug|Any CPU.Build.0 = Debug|Any CPU
		{BC02D2E2-CD57-4135-B495-8EADD08F5A6A}.Release|Any CPU.ActiveCfg = Release|Any CPU
		{BC02D2E2-CD57-4135-B495-8EADD08F5A6A}.Release|Any CPU.Build.0 = Release|Any CPU
		{46495C27-1896-4ED2-9F51-9D0B295F953D}.Debug|Any CPU.ActiveCfg = Debug|Any CPU
		{46495C27-1896-4ED2-9F51-9D0B295F953D}.Debug|Any CPU.Build.0 = Debug|Any CPU
		{46495C27-1896-4ED2-9F51-9D0B295F953D}.Release|Any CPU.ActiveCfg = Release|Any CPU
		{46495C27-1896-4ED2-9F51-9D0B295F953D}.Release|Any CPU.Build.0 = Release|Any CPU
		{F8A38B5A-D2A0-4350-A60B-7404F154FB28}.Debug|Any CPU.ActiveCfg = Debug|Any CPU
		{F8A38B5A-D2A0-4350-A60B-7404F154FB28}.Debug|Any CPU.Build.0 = Debug|Any CPU
		{F8A38B5A-D2A0-4350-A60B-7404F154FB28}.Release|Any CPU.ActiveCfg = Release|Any CPU
		{F8A38B5A-D2A0-4350-A60B-7404F154FB28}.Release|Any CPU.Build.0 = Release|Any CPU
		{9F258F4B-D1FA-4628-807E-5BCB7129B6A3}.Debug|Any CPU.ActiveCfg = Debug|Any CPU
		{9F258F4B-D1FA-4628-807E-5BCB7129B6A3}.Debug|Any CPU.Build.0 = Debug|Any CPU
		{9F258F4B-D1FA-4628-807E-5BCB7129B6A3}.Release|Any CPU.ActiveCfg = Release|Any CPU
		{9F258F4B-D1FA-4628-807E-5BCB7129B6A3}.Release|Any CPU.Build.0 = Release|Any CPU
		{8CB1D2F4-457E-DC9A-2B1C-5000C4602A0C}.Debug|Any CPU.ActiveCfg = Debug|Any CPU
		{8CB1D2F4-457E-DC9A-2B1C-5000C4602A0C}.Debug|Any CPU.Build.0 = Debug|Any CPU
		{8CB1D2F4-457E-DC9A-2B1C-5000C4602A0C}.Release|Any CPU.ActiveCfg = Release|Any CPU
		{8CB1D2F4-457E-DC9A-2B1C-5000C4602A0C}.Release|Any CPU.Build.0 = Release|Any CPU
	EndGlobalSection
	GlobalSection(SolutionProperties) = preSolution
		HideSolutionNode = FALSE
	EndGlobalSection
	GlobalSection(ExtensibilityGlobals) = postSolution
		SolutionGuid = {C40652D6-5209-43AE-B3A5-F5E86A07AC11}
	EndGlobalSection
EndGlobal
